
Microsoft Visual Studio Solution File, Format Version 12.00
# Visual Studio Version 17
VisualStudioVersion = 17.9.34728.123
MinimumVisualStudioVersion = 10.0.40219.1
Project("{FAE04EC0-301F-11D3-BF4B-00C04F79EFBC}") = "project to issue permits", "project to issue permits\project to issue permits.csproj", "{0E0304DA-4923-4389-BE54-8982866F102D}"
EndProject
Global
	GlobalSection(SolutionConfigurationPlatforms) = preSolution
		Debug|Any CPU = Debug|Any CPU
		Release|Any CPU = Release|Any CPU
	EndGlobalSection
	GlobalSection(ProjectConfigurationPlatforms) = postSolution
		{0E0304DA-4923-4389-BE54-8982866F102D}.Debug|Any CPU.ActiveCfg = Debug|Any CPU
		{0E0304DA-4923-4389-BE54-8982866F102D}.Debug|Any CPU.Build.0 = Debug|Any CPU
		{0E0304DA-4923-4389-BE54-8982866F102D}.Release|Any CPU.ActiveCfg = Release|Any CPU
		{0E0304DA-4923-4389-BE54-8982866F102D}.Release|Any CPU.Build.0 = Release|Any CPU
	EndGlobalSection
	GlobalSection(SolutionProperties) = preSolution
		HideSolutionNode = FALSE
	EndGlobalSection
	GlobalSection(ExtensibilityGlobals) = postSolution
		SolutionGuid = {FF31AB12-17B5-4503-B0C9-C77B8B4C522B}
	EndGlobalSection
EndGlobal
